
Microsoft Visual Studio Solution File, Format Version 12.00
# Visual Studio 15
VisualStudioVersion = 15.0.28010.2048
MinimumVisualStudioVersion = 10.0.40219.1
Project("{FAE04EC0-301F-11D3-BF4B-00C04F79EFBC}") = "RoadStatusCodingChallenge", "RoadStatusCodingChallenge\RoadStatusCodingChallenge.csproj", "{EE2F8A13-7FA9-40DF-81D6-681549E0312F}"
EndProject
Project("{FAE04EC0-301F-11D3-BF4B-00C04F79EFBC}") = "UnitTestRoadStatusCodingChallenge", "UnitTestRoadStatusCodingChallenge\UnitTestRoadStatusCodingChallenge.csproj", "{FAAA697E-C88C-4ACD-86E4-4CB320E173DA}"
EndProject
Global
	GlobalSection(SolutionConfigurationPlatforms) = preSolution
		Debug|Any CPU = Debug|Any CPU
		Release|Any CPU = Release|Any CPU
	EndGlobalSection
	GlobalSection(ProjectConfigurationPlatforms) = postSolution
		{EE2F8A13-7FA9-40DF-81D6-681549E0312F}.Debug|Any CPU.ActiveCfg = Debug|Any CPU
		{EE2F8A13-7FA9-40DF-81D6-681549E0312F}.Debug|Any CPU.Build.0 = Debug|Any CPU
		{EE2F8A13-7FA9-40DF-81D6-681549E0312F}.Release|Any CPU.ActiveCfg = Release|Any CPU
		{EE2F8A13-7FA9-40DF-81D6-681549E0312F}.Release|Any CPU.Build.0 = Release|Any CPU
		{FAAA697E-C88C-4ACD-86E4-4CB320E173DA}.Debug|Any CPU.ActiveCfg = Debug|Any CPU
		{FAAA697E-C88C-4ACD-86E4-4CB320E173DA}.Debug|Any CPU.Build.0 = Debug|Any CPU
		{FAAA697E-C88C-4ACD-86E4-4CB320E173DA}.Release|Any CPU.ActiveCfg = Release|Any CPU
		{FAAA697E-C88C-4ACD-86E4-4CB320E173DA}.Release|Any CPU.Build.0 = Release|Any CPU
	EndGlobalSection
	GlobalSection(SolutionProperties) = preSolution
		HideSolutionNode = FALSE
	EndGlobalSection
	GlobalSection(ExtensibilityGlobals) = postSolution
		SolutionGuid = {A040DCF3-9A33-4DD7-B8C2-E8F3A49AFE07}
	EndGlobalSection
EndGlobal
